
Microsoft Visual Studio Solution File, Format Version 12.00
# Visual Studio 15
VisualStudioVersion = 15.0.28307.1972
MinimumVisualStudioVersion = 10.0.40219.1
Project("{FAE04EC0-301F-11D3-BF4B-00C04F79EFBC}") = "Documents", "Documents\Documents.csproj", "{F3788086-F5BF-46DA-97DC-43FED7C479E1}"
EndProject
Global
	GlobalSection(SolutionConfigurationPlatforms) = preSolution
		Debug|Any CPU = Debug|Any CPU
		Release|Any CPU = Release|Any CPU
	EndGlobalSection
	GlobalSection(ProjectConfigurationPlatforms) = postSolution
		{F3788086-F5BF-46DA-97DC-43FED7C479E1}.Debug|Any CPU.ActiveCfg = Debug|Any CPU
		{F3788086-F5BF-46DA-97DC-43FED7C479E1}.Debug|Any CPU.Build.0 = Debug|Any CPU
		{F3788086-F5BF-46DA-97DC-43FED7C479E1}.Release|Any CPU.ActiveCfg = Release|Any CPU
		{F3788086-F5BF-46DA-97DC-43FED7C479E1}.Release|Any CPU.Build.0 = Release|Any CPU
	EndGlobalSection
	GlobalSection(SolutionProperties) = preSolution
		HideSolutionNode = FALSE
	EndGlobalSection
	GlobalSection(ExtensibilityGlobals) = postSolution
		SolutionGuid = {4DF812F5-2AA0-4591-9EA9-D88999E6BD29}
	EndGlobalSection
EndGlobal
